
Microsoft Visual Studio Solution File, Format Version 12.00
# Visual Studio Version 17
VisualStudioVersion = 17.5.33627.172
MinimumVisualStudioVersion = 10.0.40219.1
Project("{FAE04EC0-301F-11D3-BF4B-00C04F79EFBC}") = "DesignPatterns", "DesignPatterns\DesignPatterns.csproj", "{A43BE5AB-C424-42A0-A3D0-3096301A042D}"
EndProject
Global
	GlobalSection(SolutionConfigurationPlatforms) = preSolution
		Debug|Any CPU = Debug|Any CPU
		Release|Any CPU = Release|Any CPU
	EndGlobalSection
	GlobalSection(ProjectConfigurationPlatforms) = postSolution
		{A43BE5AB-C424-42A0-A3D0-3096301A042D}.Debug|Any CPU.ActiveCfg = Debug|Any CPU
		{A43BE5AB-C424-42A0-A3D0-3096301A042D}.Debug|Any CPU.Build.0 = Debug|Any CPU
		{A43BE5AB-C424-42A0-A3D0-3096301A042D}.Release|Any CPU.ActiveCfg = Release|Any CPU
		{A43BE5AB-C424-42A0-A3D0-3096301A042D}.Release|Any CPU.Build.0 = Release|Any CPU
	EndGlobalSection
	GlobalSection(SolutionProperties) = preSolution
		HideSolutionNode = FALSE
	EndGlobalSection
	GlobalSection(ExtensibilityGlobals) = postSolution
		SolutionGuid = {BEBA6F4F-C27F-4C29-BCEE-E127C1897283}
	EndGlobalSection
EndGlobal
